
Microsoft Visual Studio Solution File, Format Version 12.00
Project("{FAE04EC0-301F-11D3-BF4B-00C04F79EFBC}") = "ServiceReleaseManager", "ServiceReleaseManager\ServiceReleaseManager.csproj", "{BF81EFB0-467F-4479-A01A-DB45EB59EB8D}"
EndProject
Global
	GlobalSection(SolutionConfigurationPlatforms) = preSolution
		Debug|Any CPU = Debug|Any CPU
		Release|Any CPU = Release|Any CPU
	EndGlobalSection
	GlobalSection(ProjectConfigurationPlatforms) = postSolution
		{BF81EFB0-467F-4479-A01A-DB45EB59EB8D}.Debug|Any CPU.ActiveCfg = Debug|Any CPU
		{BF81EFB0-467F-4479-A01A-DB45EB59EB8D}.Debug|Any CPU.Build.0 = Debug|Any CPU
		{BF81EFB0-467F-4479-A01A-DB45EB59EB8D}.Release|Any CPU.ActiveCfg = Release|Any CPU
		{BF81EFB0-467F-4479-A01A-DB45EB59EB8D}.Release|Any CPU.Build.0 = Release|Any CPU
	EndGlobalSection
EndGlobal
